
Microsoft Visual Studio Solution File, Format Version 12.00
# Visual Studio Version 17
VisualStudioVersion = 17.0.32112.339
MinimumVisualStudioVersion = 10.0.40219.1
Project("{FAE04EC0-301F-11D3-BF4B-00C04F79EFBC}") = "sendmail", "sendmail\sendmail.csproj", "{B9421CBF-33BD-4A16-A10F-43920F6CEAB0}"
EndProject
Global
	GlobalSection(SolutionConfigurationPlatforms) = preSolution
		Debug|Any CPU = Debug|Any CPU
		Release|Any CPU = Release|Any CPU
	EndGlobalSection
	GlobalSection(ProjectConfigurationPlatforms) = postSolution
		{B9421CBF-33BD-4A16-A10F-43920F6CEAB0}.Debug|Any CPU.ActiveCfg = Debug|Any CPU
		{B9421CBF-33BD-4A16-A10F-43920F6CEAB0}.Debug|Any CPU.Build.0 = Debug|Any CPU
		{B9421CBF-33BD-4A16-A10F-43920F6CEAB0}.Release|Any CPU.ActiveCfg = Release|Any CPU
		{B9421CBF-33BD-4A16-A10F-43920F6CEAB0}.Release|Any CPU.Build.0 = Release|Any CPU
	EndGlobalSection
	GlobalSection(SolutionProperties) = preSolution
		HideSolutionNode = FALSE
	EndGlobalSection
	GlobalSection(ExtensibilityGlobals) = postSolution
		SolutionGuid = {F6EB33BB-462C-4523-AF6F-5C2594D97A81}
	EndGlobalSection
EndGlobal
